
Microsoft Visual Studio Solution File, Format Version 12.00
# Visual Studio Version 17
VisualStudioVersion = 17.10.35027.167
MinimumVisualStudioVersion = 10.0.40219.1
Project("{FAE04EC0-301F-11D3-BF4B-00C04F79EFBC}") = "Prototip1", "Prototip1\Prototip1.csproj", "{34A7E9B6-4F5A-45AB-B8BC-198C47E9A9D7}"
EndProject
Global
	GlobalSection(SolutionConfigurationPlatforms) = preSolution
		Debug|Any CPU = Debug|Any CPU
		Release|Any CPU = Release|Any CPU
	EndGlobalSection
	GlobalSection(ProjectConfigurationPlatforms) = postSolution
		{34A7E9B6-4F5A-45AB-B8BC-198C47E9A9D7}.Debug|Any CPU.ActiveCfg = Debug|Any CPU
		{34A7E9B6-4F5A-45AB-B8BC-198C47E9A9D7}.Debug|Any CPU.Build.0 = Debug|Any CPU
		{34A7E9B6-4F5A-45AB-B8BC-198C47E9A9D7}.Release|Any CPU.ActiveCfg = Release|Any CPU
		{34A7E9B6-4F5A-45AB-B8BC-198C47E9A9D7}.Release|Any CPU.Build.0 = Release|Any CPU
	EndGlobalSection
	GlobalSection(SolutionProperties) = preSolution
		HideSolutionNode = FALSE
	EndGlobalSection
	GlobalSection(ExtensibilityGlobals) = postSolution
		SolutionGuid = {AD5AF395-0E29-4806-84A7-F9D0B7819395}
	EndGlobalSection
EndGlobal
